
Microsoft Visual Studio Solution File, Format Version 12.00
# Visual Studio Version 17
VisualStudioVersion = 17.8.34525.116
MinimumVisualStudioVersion = 10.0.40219.1
Project("{FAE04EC0-301F-11D3-BF4B-00C04F79EFBC}") = "oldVersion", "oldVersion\oldVersion.csproj", "{A794A607-6CA1-478D-A06D-8C0842F13578}"
EndProject
Global
	GlobalSection(SolutionConfigurationPlatforms) = preSolution
		Debug|Any CPU = Debug|Any CPU
		Release|Any CPU = Release|Any CPU
	EndGlobalSection
	GlobalSection(ProjectConfigurationPlatforms) = postSolution
		{A794A607-6CA1-478D-A06D-8C0842F13578}.Debug|Any CPU.ActiveCfg = Debug|Any CPU
		{A794A607-6CA1-478D-A06D-8C0842F13578}.Debug|Any CPU.Build.0 = Debug|Any CPU
		{A794A607-6CA1-478D-A06D-8C0842F13578}.Release|Any CPU.ActiveCfg = Release|Any CPU
		{A794A607-6CA1-478D-A06D-8C0842F13578}.Release|Any CPU.Build.0 = Release|Any CPU
	EndGlobalSection
	GlobalSection(SolutionProperties) = preSolution
		HideSolutionNode = FALSE
	EndGlobalSection
	GlobalSection(ExtensibilityGlobals) = postSolution
		SolutionGuid = {47B0047A-1D0F-4552-BC55-37C1FE235EA2}
	EndGlobalSection
EndGlobal
